
Microsoft Visual Studio Solution File, Format Version 12.00
# Visual Studio Version 17
VisualStudioVersion = 17.1.32328.378
MinimumVisualStudioVersion = 10.0.40219.1
Project("{FAE04EC0-301F-11D3-BF4B-00C04F79EFBC}") = "ExemploLinq", "ExemploLinq\ExemploLinq.csproj", "{99DBBF24-5087-4B8C-AA15-FCB315BEDFD0}"
EndProject
Global
	GlobalSection(SolutionConfigurationPlatforms) = preSolution
		Debug|Any CPU = Debug|Any CPU
		Release|Any CPU = Release|Any CPU
	EndGlobalSection
	GlobalSection(ProjectConfigurationPlatforms) = postSolution
		{99DBBF24-5087-4B8C-AA15-FCB315BEDFD0}.Debug|Any CPU.ActiveCfg = Debug|Any CPU
		{99DBBF24-5087-4B8C-AA15-FCB315BEDFD0}.Debug|Any CPU.Build.0 = Debug|Any CPU
		{99DBBF24-5087-4B8C-AA15-FCB315BEDFD0}.Release|Any CPU.ActiveCfg = Release|Any CPU
		{99DBBF24-5087-4B8C-AA15-FCB315BEDFD0}.Release|Any CPU.Build.0 = Release|Any CPU
	EndGlobalSection
	GlobalSection(SolutionProperties) = preSolution
		HideSolutionNode = FALSE
	EndGlobalSection
	GlobalSection(ExtensibilityGlobals) = postSolution
		SolutionGuid = {A7526C8B-ABFF-4AD3-8ED3-C579301E4E1E}
	EndGlobalSection
EndGlobal
